// !$*UTF8*$!
{
	archiveVersion = 1;
	classes = {
	};
	objectVersion = 50;
	objects = {

/* Begin PBXBuildFile section */
		671939AC26C0A2AC00D94641 /* PhotoCollectionViewController.swift in Sources */ = {isa = PBXBuildFile; fileRef = 671939AB26C0A2AC00D94641 /* PhotoCollectionViewController.swift */; };
		671939AE26C0A2CB00D94641 /* PhotoCollectionViewCell.swift in Sources */ = {isa = PBXBuildFile; fileRef = 671939AD26C0A2CB00D94641 /* PhotoCollectionViewCell.swift */; };
		671939B426C0A3BF00D94641 /* HttpRequests.swift in Sources */ = {isa = PBXBuildFile; fileRef = 671939B326C0A3BF00D94641 /* HttpRequests.swift */; };
		671939B626C0A41E00D94641 /* FlickerClient.swift in Sources */ = {isa = PBXBuildFile; fileRef = 671939B526C0A41E00D94641 /* FlickerClient.swift */; };
		6790C20926C880FA00AACEC3 /* Photos.swift in Sources */ = {isa = PBXBuildFile; fileRef = 6790C20826C880FA00AACEC3 /* Photos.swift */; };
		6790C21E26CB8D5600AACEC3 /* Tourist.xcdatamodeld in Sources */ = {isa = PBXBuildFile; fileRef = 6790C21C26CB8D5600AACEC3 /* Tourist.xcdatamodeld */; };
		6790C22126CB8DDE00AACEC3 /* Pin+CoreDataClass.swift in Sources */ = {isa = PBXBuildFile; fileRef = 6790C21F26CB8DDE00AACEC3 /* Pin+CoreDataClass.swift */; };
		6790C22226CB8DDE00AACEC3 /* Pin+CoreDataProperties.swift in Sources */ = {isa = PBXBuildFile; fileRef = 6790C22026CB8DDE00AACEC3 /* Pin+CoreDataProperties.swift */; };
		67F0BEF326CADAE00059DD20 /* DataCollection.swift in Sources */ = {isa = PBXBuildFile; fileRef = 67F0BEF226CADAE00059DD20 /* DataCollection.swift */; };
		F943912826B88A7800E24E9D /* AppDelegate.swift in Sources */ = {isa = PBXBuildFile; fileRef = F943912726B88A7800E24E9D /* AppDelegate.swift */; };
		F943912A26B88A7800E24E9D /* SceneDelegate.swift in Sources */ = {isa = PBXBuildFile; fileRef = F943912926B88A7800E24E9D /* SceneDelegate.swift */; };
		F943912C26B88A7800E24E9D /* MapViewController.swift in Sources */ = {isa = PBXBuildFile; fileRef = F943912B26B88A7800E24E9D /* MapViewController.swift */; };
		F943912F26B88A7800E24E9D /* Main.storyboard in Resources */ = {isa = PBXBuildFile; fileRef = F943912D26B88A7800E24E9D /* Main.storyboard */; };
		F943913126B88A7A00E24E9D /* Assets.xcassets in Resources */ = {isa = PBXBuildFile; fileRef = F943913026B88A7A00E24E9D /* Assets.xcassets */; };
		F943913426B88A7A00E24E9D /* LaunchScreen.storyboard in Resources */ = {isa = PBXBuildFile; fileRef = F943913226B88A7A00E24E9D /* LaunchScreen.storyboard */; };
/* End PBXBuildFile section */

/* Begin PBXFileReference section */
		671939AB26C0A2AC00D94641 /* PhotoCollectionViewController.swift */ = {isa = PBXFileReference; lastKnownFileType = sourcecode.swift; path = PhotoCollectionViewController.swift; sourceTree = "<group>"; };
		671939AD26C0A2CB00D94641 /* PhotoCollectionViewCell.swift */ = {isa = PBXFileReference; lastKnownFileType = sourcecode.swift; path = PhotoCollectionViewCell.swift; sourceTree = "<group>"; };
		671939B326C0A3BF00D94641 /* HttpRequests.swift */ = {isa = PBXFileReference; lastKnownFileType = sourcecode.swift; path = HttpRequests.swift; sourceTree = "<group>"; };
		671939B526C0A41E00D94641 /* FlickerClient.swift */ = {isa = PBXFileReference; lastKnownFileType = sourcecode.swift; path = FlickerClient.swift; sourceTree = "<group>"; };
		6790C20826C880FA00AACEC3 /* Photos.swift */ = {isa = PBXFileReference; lastKnownFileType = sourcecode.swift; path = Photos.swift; sourceTree = "<group>"; };
		6790C21D26CB8D5600AACEC3 /* Tourist.xcdatamodel */ = {isa = PBXFileReference; lastKnownFileType = wrapper.xcdatamodel; path = Tourist.xcdatamodel; sourceTree = "<group>"; };
		6790C21F26CB8DDE00AACEC3 /* Pin+CoreDataClass.swift */ = {isa = PBXFileReference; lastKnownFileType = sourcecode.swift; path = "Pin+CoreDataClass.swift"; sourceTree = SOURCE_ROOT; };
		6790C22026CB8DDE00AACEC3 /* Pin+CoreDataProperties.swift */ = {isa = PBXFileReference; lastKnownFileType = sourcecode.swift; path = "Pin+CoreDataProperties.swift"; sourceTree = SOURCE_ROOT; };
		67F0BEF226CADAE00059DD20 /* DataCollection.swift */ = {isa = PBXFileReference; lastKnownFileType = sourcecode.swift; path = DataCollection.swift; sourceTree = "<group>"; };
		F943912426B88A7800E24E9D /* VirtualTourist.app */ = {isa = PBXFileReference; explicitFileType = wrapper.application; includeInIndex = 0; path = VirtualTourist.app; sourceTree = BUILT_PRODUCTS_DIR; };
		F943912726B88A7800E24E9D /* AppDelegate.swift */ = {isa = PBXFileReference; lastKnownFileType = sourcecode.swift; path = AppDelegate.swift; sourceTree = "<group>"; };
		F943912926B88A7800E24E9D /* SceneDelegate.swift */ = {isa = PBXFileReference; lastKnownFileType = sourcecode.swift; path = SceneDelegate.swift; sourceTree = "<group>"; };
		F943912B26B88A7800E24E9D /* MapViewController.swift */ = {isa = PBXFileReference; lastKnownFileType = sourcecode.swift; path = MapViewController.swift; sourceTree = "<group>"; };
		F943912E26B88A7800E24E9D /* Base */ = {isa = PBXFileReference; lastKnownFileType = file.storyboard; name = Base; path = Base.lproj/Main.storyboard; sourceTree = "<group>"; };
		F943913026B88A7A00E24E9D /* Assets.xcassets */ = {isa = PBXFileReference; lastKnownFileType = folder.assetcatalog; path = Assets.xcassets; sourceTree = "<group>"; };
		F943913326B88A7A00E24E9D /* Base */ = {isa = PBXFileReference; lastKnownFileType = file.storyboard; name = Base; path = Base.lproj/LaunchScreen.storyboard; sourceTree = "<group>"; };
		F943913526B88A7A00E24E9D /* Info.plist */ = {isa = PBXFileReference; lastKnownFileType = text.plist.xml; path = Info.plist; sourceTree = "<group>"; };
/* End PBXFileReference section */

/* Begin PBXFrameworksBuildPhase section */
		F943912126B88A7800E24E9D /* Frameworks */ = {
			isa = PBXFrameworksBuildPhase;
			buildActionMask = 2147483647;
			files = (
			);
			runOnlyForDeploymentPostprocessing = 0;
		};
/* End PBXFrameworksBuildPhase section */

/* Begin PBXGroup section */
		671939A926C0A25A00D94641 /* ViewController */ = {
			isa = PBXGroup;
			children = (
				F943912B26B88A7800E24E9D /* MapViewController.swift */,
				671939AB26C0A2AC00D94641 /* PhotoCollectionViewController.swift */,
				671939AD26C0A2CB00D94641 /* PhotoCollectionViewCell.swift */,
			);
			path = ViewController;
			sourceTree = "<group>";
		};
		671939AA26C0A26A00D94641 /* Networking */ = {
			isa = PBXGroup;
			children = (
				671939B326C0A3BF00D94641 /* HttpRequests.swift */,
				671939B526C0A41E00D94641 /* FlickerClient.swift */,
			);
			path = Networking;
			sourceTree = "<group>";
		};
		671939AF26C0A32F00D94641 /* Model */ = {
			isa = PBXGroup;
			children = (
				6790C21F26CB8DDE00AACEC3 /* Pin+CoreDataClass.swift */,
				6790C22026CB8DDE00AACEC3 /* Pin+CoreDataProperties.swift */,
				6790C20826C880FA00AACEC3 /* Photos.swift */,
				67F0BEF226CADAE00059DD20 /* DataCollection.swift */,
				6790C21C26CB8D5600AACEC3 /* Tourist.xcdatamodeld */,
			);
			path = Model;
			sourceTree = "<group>";
		};
		671939B726C0F38800D94641 /* View */ = {
			isa = PBXGroup;
			children = (
				F943912D26B88A7800E24E9D /* Main.storyboard */,
				F943913026B88A7A00E24E9D /* Assets.xcassets */,
				F943913226B88A7A00E24E9D /* LaunchScreen.storyboard */,
			);
			path = View;
			sourceTree = "<group>";
		};
		F943911B26B88A7800E24E9D = {
			isa = PBXGroup;
			children = (
				F943912626B88A7800E24E9D /* VirtualTourist */,
				F943912526B88A7800E24E9D /* Products */,
			);
			sourceTree = "<group>";
		};
		F943912526B88A7800E24E9D /* Products */ = {
			isa = PBXGroup;
			children = (
				F943912426B88A7800E24E9D /* VirtualTourist.app */,
			);
			name = Products;
			sourceTree = "<group>";
		};
		F943912626B88A7800E24E9D /* VirtualTourist */ = {
			isa = PBXGroup;
			children = (
				F943912726B88A7800E24E9D /* AppDelegate.swift */,
				F943912926B88A7800E24E9D /* SceneDelegate.swift */,
				F943913526B88A7A00E24E9D /* Info.plist */,
				671939AF26C0A32F00D94641 /* Model */,
				671939AA26C0A26A00D94641 /* Networking */,
				671939A926C0A25A00D94641 /* ViewController */,
				671939B726C0F38800D94641 /* View */,
			);
			path = VirtualTourist;
			sourceTree = "<group>";
		};
/* End PBXGroup section */

/* Begin PBXNativeTarget section */
		F943912326B88A7800E24E9D /* VirtualTourist */ = {
			isa = PBXNativeTarget;
			buildConfigurationList = F943913826B88A7A00E24E9D /* Build configuration list for PBXNativeTarget "VirtualTourist" */;
			buildPhases = (
				F943912026B88A7800E24E9D /* Sources */,
				F943912126B88A7800E24E9D /* Frameworks */,
				F943912226B88A7800E24E9D /* Resources */,
			);
			buildRules = (
			);
			dependencies = (
			);
			name = VirtualTourist;
			productName = VirtualTourist;
			productReference = F943912426B88A7800E24E9D /* VirtualTourist.app */;
			productType = "com.apple.product-type.application";
		};
/* End PBXNativeTarget section */

/* Begin PBXProject section */
		F943911C26B88A7800E24E9D /* Project object */ = {
			isa = PBXProject;
			attributes = {
				LastSwiftUpdateCheck = 1250;
				LastUpgradeCheck = 1250;
				TargetAttributes = {
					F943912326B88A7800E24E9D = {
						CreatedOnToolsVersion = 12.5.1;
					};
				};
			};
			buildConfigurationList = F943911F26B88A7800E24E9D /* Build configuration list for PBXProject "VirtualTourist" */;
			compatibilityVersion = "Xcode 9.3";
			developmentRegion = en;
			hasScannedForEncodings = 0;
			knownRegions = (
				en,
				Base,
			);
			mainGroup = F943911B26B88A7800E24E9D;
			productRefGroup = F943912526B88A7800E24E9D /* Products */;
			projectDirPath = "";
			projectRoot = "";
			targets = (
				F943912326B88A7800E24E9D /* VirtualTourist */,
			);
		};
/* End PBXProject section */

/* Begin PBXResourcesBuildPhase section */
		F943912226B88A7800E24E9D /* Resources */ = {
			isa = PBXResourcesBuildPhase;
			buildActionMask = 2147483647;
			files = (
				F943913426B88A7A00E24E9D /* LaunchScreen.storyboard in Resources */,
				F943913126B88A7A00E24E9D /* Assets.xcassets in Resources */,
				F943912F26B88A7800E24E9D /* Main.storyboard in Resources */,
			);
			runOnlyForDeploymentPostprocessing = 0;
		};
/* End PBXResourcesBuildPhase section */

/* Begin PBXSourcesBuildPhase section */
		F943912026B88A7800E24E9D /* Sources */ = {
			isa = PBXSourcesBuildPhase;
			buildActionMask = 2147483647;
			files = (
				6790C20926C880FA00AACEC3 /* Photos.swift in Sources */,
				6790C22226CB8DDE00AACEC3 /* Pin+CoreDataProperties.swift in Sources */,
				67F0BEF326CADAE00059DD20 /* DataCollection.swift in Sources */,
				6790C22126CB8DDE00AACEC3 /* Pin+CoreDataClass.swift in Sources */,
				F943912C26B88A7800E24E9D /* MapViewController.swift in Sources */,
				671939AE26C0A2CB00D94641 /* PhotoCollectionViewCell.swift in Sources */,
				671939B426C0A3BF00D94641 /* HttpRequests.swift in Sources */,
				6790C21E26CB8D5600AACEC3 /* Tourist.xcdatamodeld in Sources */,
				F943912826B88A7800E24E9D /* AppDelegate.swift in Sources */,
				671939B626C0A41E00D94641 /* FlickerClient.swift in Sources */,
				F943912A26B88A7800E24E9D /* SceneDelegate.swift in Sources */,
				671939AC26C0A2AC00D94641 /* PhotoCollectionViewController.swift in Sources */,
			);
			runOnlyForDeploymentPostprocessing = 0;
		};
/* End PBXSourcesBuildPhase section */

/* Begin PBXVariantGroup section */
		F943912D26B88A7800E24E9D /* Main.storyboard */ = {
			isa = PBXVariantGroup;
			children = (
				F943912E26B88A7800E24E9D /* Base */,
			);
			name = Main.storyboard;
			sourceTree = "<group>";
		};
		F943913226B88A7A00E24E9D /* LaunchScreen.storyboard */ = {
			isa = PBXVariantGroup;
			children = (
				F943913326B88A7A00E24E9D /* Base */,
			);
			name = LaunchScreen.storyboard;
			sourceTree = "<group>";
		};
/* End PBXVariantGroup section */

/* Begin XCBuildConfiguration section */
		F943913626B88A7A00E24E9D /* Debug */ = {
			isa = XCBuildConfiguration;
			buildSettings = {
				ALWAYS_SEARCH_USER_PATHS = NO;
				CLANG_ANALYZER_NONNULL = YES;
				CLANG_ANALYZER_NUMBER_OBJECT_CONVERSION = YES_AGGRESSIVE;
				CLANG_CXX_LANGUAGE_STANDARD = "gnu++14";
				CLANG_CXX_LIBRARY = "libc++";
				CLANG_ENABLE_MODULES = YES;
				CLANG_ENABLE_OBJC_ARC = YES;
				CLANG_ENABLE_OBJC_WEAK = YES;
				CLANG_WARN_BLOCK_CAPTURE_AUTORELEASING = YES;
				CLANG_WARN_BOOL_CONVERSION = YES;
				CLANG_WARN_COMMA = YES;
				CLANG_WARN_CONSTANT_CONVERSION = YES;
				CLANG_WARN_DEPRECATED_OBJC_IMPLEMENTATIONS = YES;
				CLANG_WARN_DIRECT_OBJC_ISA_USAGE = YES_ERROR;
				CLANG_WARN_DOCUMENTATION_COMMENTS = YES;
				CLANG_WARN_EMPTY_BODY = YES;
				CLANG_WARN_ENUM_CONVERSION = YES;
				CLANG_WARN_INFINITE_RECURSION = YES;
				CLANG_WARN_INT_CONVERSION = YES;
				CLANG_WARN_NON_LITERAL_NULL_CONVERSION = YES;
				CLANG_WARN_OBJC_IMPLICIT_RETAIN_SELF = YES;
				CLANG_WARN_OBJC_LITERAL_CONVERSION = YES;
				CLANG_WARN_OBJC_ROOT_CLASS = YES_ERROR;
				CLANG_WARN_QUOTED_INCLUDE_IN_FRAMEWORK_HEADER = YES;
				CLANG_WARN_RANGE_LOOP_ANALYSIS = YES;
				CLANG_WARN_STRICT_PROTOTYPES = YES;
				CLANG_WARN_SUSPICIOUS_MOVE = YES;
				CLANG_WARN_UNGUARDED_AVAILABILITY = YES_AGGRESSIVE;
				CLANG_WARN_UNREACHABLE_CODE = YES;
				CLANG_WARN__DUPLICATE_METHOD_MATCH = YES;
				COPY_PHASE_STRIP = NO;
				DEBUG_INFORMATION_FORMAT = dwarf;
				ENABLE_STRICT_OBJC_MSGSEND = YES;
				ENABLE_TESTABILITY = YES;
				GCC_C_LANGUAGE_STANDARD = gnu11;
				GCC_DYNAMIC_NO_PIC = NO;
				GCC_NO_COMMON_BLOCKS = YES;
				GCC_OPTIMIZATION_LEVEL = 0;
				GCC_PREPROCESSOR_DEFINITIONS = (
					"DEBUG=1",
					"$(inherited)",
				);
				GCC_WARN_64_TO_32_BIT_CONVERSION = YES;
				GCC_WARN_ABOUT_RETURN_TYPE = YES_ERROR;
				GCC_WARN_UNDECLARED_SELECTOR = YES;
				GCC_WARN_UNINITIALIZED_AUTOS = YES_AGGRESSIVE;
				GCC_WARN_UNUSED_FUNCTION = YES;
				GCC_WARN_UNUSED_VARIABLE = YES;
				IPHONEOS_DEPLOYMENT_TARGET = 14.5;
				MTL_ENABLE_DEBUG_INFO = INCLUDE_SOURCE;
				MTL_FAST_MATH = YES;
				ONLY_ACTIVE_ARCH = YES;
				SDKROOT = iphoneos;
				SWIFT_ACTIVE_COMPILATION_CONDITIONS = DEBUG;
				SWIFT_OPTIMIZATION_LEVEL = "-Onone";
			};
			name = Debug;
		};
		F943913726B88A7A00E24E9D /* Release */ = {
			isa = XCBuildConfiguration;
			buildSettings = {
				ALWAYS_SEARCH_USER_PATHS = NO;
				CLANG_ANALYZER_NONNULL = YES;
				CLANG_ANALYZER_NUMBER_OBJECT_CONVERSION = YES_AGGRESSIVE;
				CLANG_CXX_LANGUAGE_STANDARD = "gnu++14";
				CLANG_CXX_LIBRARY = "libc++";
				CLANG_ENABLE_MODULES = YES;
				CLANG_ENABLE_OBJC_ARC = YES;
				CLANG_ENABLE_OBJC_WEAK = YES;
				CLANG_WARN_BLOCK_CAPTURE_AUTORELEASING = YES;
				CLANG_WARN_BOOL_CONVERSION = YES;
				CLANG_WARN_COMMA = YES;
				CLANG_WARN_CONSTANT_CONVERSION = YES;
				CLANG_WARN_DEPRECATED_OBJC_IMPLEMENTATIONS = YES;
				CLANG_WARN_DIRECT_OBJC_ISA_USAGE = YES_ERROR;
				CLANG_WARN_DOCUMENTATION_COMMENTS = YES;
				CLANG_WARN_EMPTY_BODY = YES;
				CLANG_WARN_ENUM_CONVERSION = YES;
				CLANG_WARN_INFINITE_RECURSION = YES;
				CLANG_WARN_INT_CONVERSION = YES;
				CLANG_WARN_NON_LITERAL_NULL_CONVERSION = YES;
				CLANG_WARN_OBJC_IMPLICIT_RETAIN_SELF = YES;
				CLANG_WARN_OBJC_LITERAL_CONVERSION = YES;
				CLANG_WARN_OBJC_ROOT_CLASS = YES_ERROR;
				CLANG_WARN_QUOTED_INCLUDE_IN_FRAMEWORK_HEADER = YES;
				CLANG_WARN_RANGE_LOOP_ANALYSIS = YES;
				CLANG_WARN_STRICT_PROTOTYPES = YES;
				CLANG_WARN_SUSPICIOUS_MOVE = YES;
				CLANG_WARN_UNGUARDED_AVAILABILITY = YES_AGGRESSIVE;
				CLANG_WARN_UNREACHABLE_CODE = YES;
				CLANG_WARN__DUPLICATE_METHOD_MATCH = YES;
				COPY_PHASE_STRIP = NO;
				DEBUG_INFORMATION_FORMAT = "dwarf-with-dsym";
				ENABLE_NS_ASSERTIONS = NO;
				ENABLE_STRICT_OBJC_MSGSEND = YES;
				GCC_C_LANGUAGE_STANDARD = gnu11;
				GCC_NO_COMMON_BLOCKS = YES;
				GCC_WARN_64_TO_32_BIT_CONVERSION = YES;
				GCC_WARN_ABOUT_RETURN_TYPE = YES_ERROR;
				GCC_WARN_UNDECLARED_SELECTOR = YES;
				GCC_WARN_UNINITIALIZED_AUTOS = YES_AGGRESSIVE;
				GCC_WARN_UNUSED_FUNCTION = YES;
				GCC_WARN_UNUSED_VARIABLE = YES;
				IPHONEOS_DEPLOYMENT_TARGET = 14.5;
				MTL_ENABLE_DEBUG_INFO = NO;
				MTL_FAST_MATH = YES;
				SDKROOT = iphoneos;
				SWIFT_COMPILATION_MODE = wholemodule;
				SWIFT_OPTIMIZATION_LEVEL = "-O";
				VALIDATE_PRODUCT = YES;
			};
			name = Release;
		};
		F943913926B88A7A00E24E9D /* Debug */ = {
			isa = XCBuildConfiguration;
			buildSettings = {
				ASSETCATALOG_COMPILER_APPICON_NAME = AppIcon;
				ASSETCATALOG_COMPILER_GLOBAL_ACCENT_COLOR_NAME = AccentColor;
				CODE_SIGN_STYLE = Automatic;
				DEVELOPMENT_TEAM = T2A2NXUESB;
				INFOPLIST_FILE = VirtualTourist/Info.plist;
				LD_RUNPATH_SEARCH_PATHS = (
					"$(inherited)",
					"@executable_path/Frameworks",
				);
				PRODUCT_BUNDLE_IDENTIFIER = com.sophia79lx.VirtualTourist;
				PRODUCT_NAME = "$(TARGET_NAME)";
				SWIFT_VERSION = 5.0;
				TARGETED_DEVICE_FAMILY = "1,2";
			};
			name = Debug;
		};
		F943913A26B88A7A00E24E9D /* Release */ = {
			isa = XCBuildConfiguration;
			buildSettings = {
				ASSETCATALOG_COMPILER_APPICON_NAME = AppIcon;
				ASSETCATALOG_COMPILER_GLOBAL_ACCENT_COLOR_NAME = AccentColor;
				CODE_SIGN_STYLE = Automatic;
				DEVELOPMENT_TEAM = T2A2NXUESB;
				INFOPLIST_FILE = VirtualTourist/Info.plist;
				LD_RUNPATH_SEARCH_PATHS = (
					"$(inherited)",
					"@executable_path/Frameworks",
				);
				PRODUCT_BUNDLE_IDENTIFIER = com.sophia79lx.VirtualTourist;
				PRODUCT_NAME = "$(TARGET_NAME)";
				SWIFT_VERSION = 5.0;
				TARGETED_DEVICE_FAMILY = "1,2";
			};
			name = Release;
		};
/* End XCBuildConfiguration section */

/* Begin XCConfigurationList section */
		F943911F26B88A7800E24E9D /* Build configuration list for PBXProject "VirtualTourist" */ = {
			isa = XCConfigurationList;
			buildConfigurations = (
				F943913626B88A7A00E24E9D /* Debug */,
				F943913726B88A7A00E24E9D /* Release */,
			);
			defaultConfigurationIsVisible = 0;
			defaultConfigurationName = Release;
		};
		F943913826B88A7A00E24E9D /* Build configuration list for PBXNativeTarget "VirtualTourist" */ = {
			isa = XCConfigurationList;
			buildConfigurations = (
				F943913926B88A7A00E24E9D /* Debug */,
				F943913A26B88A7A00E24E9D /* Release */,
			);
			defaultConfigurationIsVisible = 0;
			defaultConfigurationName = Release;
		};
/* End XCConfigurationList section */

/* Begin XCVersionGroup section */
		6790C21C26CB8D5600AACEC3 /* Tourist.xcdatamodeld */ = {
			isa = XCVersionGroup;
			children = (
				6790C21D26CB8D5600AACEC3 /* Tourist.xcdatamodel */,
			);
			currentVersion = 6790C21D26CB8D5600AACEC3 /* Tourist.xcdatamodel */;
			path = Tourist.xcdatamodeld;
			sourceTree = "<group>";
			versionGroupType = wrapper.xcdatamodel;
		};
/* End XCVersionGroup section */
	};
	rootObject = F943911C26B88A7800E24E9D /* Project object */;
}
